
Microsoft Visual Studio Solution File, Format Version 12.00
# Visual Studio Version 17
VisualStudioVersion = 17.1.32407.343
MinimumVisualStudioVersion = 10.0.40219.1
Project("{FAE04EC0-301F-11D3-BF4B-00C04F79EFBC}") = "CalculadoraDaAreaDeFigurasGeometricas", "CalculadoraDaAreaDeFigurasGeometricas\CalculadoraDaAreaDeFigurasGeometricas.csproj", "{892756F1-37F4-4A4F-93FB-C99B53F0A598}"
EndProject
Global
	GlobalSection(SolutionConfigurationPlatforms) = preSolution
		Debug|Any CPU = Debug|Any CPU
		Release|Any CPU = Release|Any CPU
	EndGlobalSection
	GlobalSection(ProjectConfigurationPlatforms) = postSolution
		{892756F1-37F4-4A4F-93FB-C99B53F0A598}.Debug|Any CPU.ActiveCfg = Debug|Any CPU
		{892756F1-37F4-4A4F-93FB-C99B53F0A598}.Debug|Any CPU.Build.0 = Debug|Any CPU
		{892756F1-37F4-4A4F-93FB-C99B53F0A598}.Release|Any CPU.ActiveCfg = Release|Any CPU
		{892756F1-37F4-4A4F-93FB-C99B53F0A598}.Release|Any CPU.Build.0 = Release|Any CPU
	EndGlobalSection
	GlobalSection(SolutionProperties) = preSolution
		HideSolutionNode = FALSE
	EndGlobalSection
	GlobalSection(ExtensibilityGlobals) = postSolution
		SolutionGuid = {49B6426F-EE31-426D-A1CE-19330296BB10}
	EndGlobalSection
EndGlobal
